// !$*UTF8*$!
{
	archiveVersion = 1;
	classes = {
	};
	objectVersion = 55;
	objects = {

/* Begin PBXBuildFile section */
		63A9FEEF09283634624CC38D /* Pods_CollectionViewWithoutStoryboard.framework in Frameworks */ = {isa = PBXBuildFile; fileRef = FC2EBE62B4856616438A0727 /* Pods_CollectionViewWithoutStoryboard.framework */; };
		D2D0D770276D2813007829B4 /* AppDelegate.swift in Sources */ = {isa = PBXBuildFile; fileRef = D2D0D76F276D2813007829B4 /* AppDelegate.swift */; };
		D2D0D772276D2813007829B4 /* SceneDelegate.swift in Sources */ = {isa = PBXBuildFile; fileRef = D2D0D771276D2813007829B4 /* SceneDelegate.swift */; };
		D2D0D774276D2813007829B4 /* ViewController.swift in Sources */ = {isa = PBXBuildFile; fileRef = D2D0D773276D2813007829B4 /* ViewController.swift */; };
		D2D0D777276D2813007829B4 /* Main.storyboard in Resources */ = {isa = PBXBuildFile; fileRef = D2D0D775276D2813007829B4 /* Main.storyboard */; };
		D2D0D779276D2814007829B4 /* Assets.xcassets in Resources */ = {isa = PBXBuildFile; fileRef = D2D0D778276D2814007829B4 /* Assets.xcassets */; };
		D2D0D77C276D2814007829B4 /* LaunchScreen.storyboard in Resources */ = {isa = PBXBuildFile; fileRef = D2D0D77A276D2814007829B4 /* LaunchScreen.storyboard */; };
		D2D0D78A276E78BD007829B4 /* ProfileCell.swift in Sources */ = {isa = PBXBuildFile; fileRef = D2D0D789276E78BD007829B4 /* ProfileCell.swift */; };
		D2D0D78C276E78DB007829B4 /* Profile.swift in Sources */ = {isa = PBXBuildFile; fileRef = D2D0D78B276E78DB007829B4 /* Profile.swift */; };
/* End PBXBuildFile section */

/* Begin PBXFileReference section */
		788C348F88C9DD52DDFA432F /* Pods-CollectionViewWithoutStoryboard.release.xcconfig */ = {isa = PBXFileReference; includeInIndex = 1; lastKnownFileType = text.xcconfig; name = "Pods-CollectionViewWithoutStoryboard.release.xcconfig"; path = "Target Support Files/Pods-CollectionViewWithoutStoryboard/Pods-CollectionViewWithoutStoryboard.release.xcconfig"; sourceTree = "<group>"; };
		C0407B82EC59C5B2673F26E2 /* Pods-CollectionViewWithoutStoryboard.debug.xcconfig */ = {isa = PBXFileReference; includeInIndex = 1; lastKnownFileType = text.xcconfig; name = "Pods-CollectionViewWithoutStoryboard.debug.xcconfig"; path = "Target Support Files/Pods-CollectionViewWithoutStoryboard/Pods-CollectionViewWithoutStoryboard.debug.xcconfig"; sourceTree = "<group>"; };
		D2D0D76C276D2813007829B4 /* CollectionViewWithoutStoryboard.app */ = {isa = PBXFileReference; explicitFileType = wrapper.application; includeInIndex = 0; path = CollectionViewWithoutStoryboard.app; sourceTree = BUILT_PRODUCTS_DIR; };
		D2D0D76F276D2813007829B4 /* AppDelegate.swift */ = {isa = PBXFileReference; lastKnownFileType = sourcecode.swift; path = AppDelegate.swift; sourceTree = "<group>"; };
		D2D0D771276D2813007829B4 /* SceneDelegate.swift */ = {isa = PBXFileReference; lastKnownFileType = sourcecode.swift; path = SceneDelegate.swift; sourceTree = "<group>"; };
		D2D0D773276D2813007829B4 /* ViewController.swift */ = {isa = PBXFileReference; lastKnownFileType = sourcecode.swift; path = ViewController.swift; sourceTree = "<group>"; };
		D2D0D776276D2813007829B4 /* Base */ = {isa = PBXFileReference; lastKnownFileType = file.storyboard; name = Base; path = Base.lproj/Main.storyboard; sourceTree = "<group>"; };
		D2D0D778276D2814007829B4 /* Assets.xcassets */ = {isa = PBXFileReference; lastKnownFileType = folder.assetcatalog; path = Assets.xcassets; sourceTree = "<group>"; };
		D2D0D77B276D2814007829B4 /* Base */ = {isa = PBXFileReference; lastKnownFileType = file.storyboard; name = Base; path = Base.lproj/LaunchScreen.storyboard; sourceTree = "<group>"; };
		D2D0D77D276D2814007829B4 /* Info.plist */ = {isa = PBXFileReference; lastKnownFileType = text.plist.xml; path = Info.plist; sourceTree = "<group>"; };
		D2D0D788276E784C007829B4 /* youCan.sketch */ = {isa = PBXFileReference; lastKnownFileType = file; path = youCan.sketch; sourceTree = "<group>"; };
		D2D0D789276E78BD007829B4 /* ProfileCell.swift */ = {isa = PBXFileReference; lastKnownFileType = sourcecode.swift; path = ProfileCell.swift; sourceTree = "<group>"; };
		D2D0D78B276E78DB007829B4 /* Profile.swift */ = {isa = PBXFileReference; lastKnownFileType = sourcecode.swift; path = Profile.swift; sourceTree = "<group>"; };
		FC2EBE62B4856616438A0727 /* Pods_CollectionViewWithoutStoryboard.framework */ = {isa = PBXFileReference; explicitFileType = wrapper.framework; includeInIndex = 0; path = Pods_CollectionViewWithoutStoryboard.framework; sourceTree = BUILT_PRODUCTS_DIR; };
/* End PBXFileReference section */

/* Begin PBXFrameworksBuildPhase section */
		D2D0D769276D2813007829B4 /* Frameworks */ = {
			isa = PBXFrameworksBuildPhase;
			buildActionMask = 2147483647;
			files = (
				63A9FEEF09283634624CC38D /* Pods_CollectionViewWithoutStoryboard.framework in Frameworks */,
			);
			runOnlyForDeploymentPostprocessing = 0;
		};
/* End PBXFrameworksBuildPhase section */

/* Begin PBXGroup section */
		2265A98F8B889A5B0B6C08DC /* Pods */ = {
			isa = PBXGroup;
			children = (
				C0407B82EC59C5B2673F26E2 /* Pods-CollectionViewWithoutStoryboard.debug.xcconfig */,
				788C348F88C9DD52DDFA432F /* Pods-CollectionViewWithoutStoryboard.release.xcconfig */,
			);
			path = Pods;
			sourceTree = "<group>";
		};
		32D528D8B6DF4D2228D01EA4 /* Frameworks */ = {
			isa = PBXGroup;
			children = (
				FC2EBE62B4856616438A0727 /* Pods_CollectionViewWithoutStoryboard.framework */,
			);
			name = Frameworks;
			sourceTree = "<group>";
		};
		D2D0D763276D2813007829B4 = {
			isa = PBXGroup;
			children = (
				D2D0D788276E784C007829B4 /* youCan.sketch */,
				D2D0D76E276D2813007829B4 /* CollectionViewWithoutStoryboard */,
				D2D0D76D276D2813007829B4 /* Products */,
				2265A98F8B889A5B0B6C08DC /* Pods */,
				32D528D8B6DF4D2228D01EA4 /* Frameworks */,
			);
			sourceTree = "<group>";
		};
		D2D0D76D276D2813007829B4 /* Products */ = {
			isa = PBXGroup;
			children = (
				D2D0D76C276D2813007829B4 /* CollectionViewWithoutStoryboard.app */,
			);
			name = Products;
			sourceTree = "<group>";
		};
		D2D0D76E276D2813007829B4 /* CollectionViewWithoutStoryboard */ = {
			isa = PBXGroup;
			children = (
				D2D0D76F276D2813007829B4 /* AppDelegate.swift */,
				D2D0D771276D2813007829B4 /* SceneDelegate.swift */,
				D2D0D773276D2813007829B4 /* ViewController.swift */,
				D2D0D789276E78BD007829B4 /* ProfileCell.swift */,
				D2D0D78B276E78DB007829B4 /* Profile.swift */,
				D2D0D775276D2813007829B4 /* Main.storyboard */,
				D2D0D778276D2814007829B4 /* Assets.xcassets */,
				D2D0D77A276D2814007829B4 /* LaunchScreen.storyboard */,
				D2D0D77D276D2814007829B4 /* Info.plist */,
			);
			path = CollectionViewWithoutStoryboard;
			sourceTree = "<group>";
		};
/* End PBXGroup section */

/* Begin PBXNativeTarget section */
		D2D0D76B276D2813007829B4 /* CollectionViewWithoutStoryboard */ = {
			isa = PBXNativeTarget;
			buildConfigurationList = D2D0D780276D2814007829B4 /* Build configuration list for PBXNativeTarget "CollectionViewWithoutStoryboard" */;
			buildPhases = (
				8B2ACF130CCC4B31E7C3CC26 /* [CP] Check Pods Manifest.lock */,
				D2D0D768276D2813007829B4 /* Sources */,
				D2D0D769276D2813007829B4 /* Frameworks */,
				D2D0D76A276D2813007829B4 /* Resources */,
				3C31E4E43152274B96E310BB /* [CP] Embed Pods Frameworks */,
			);
			buildRules = (
			);
			dependencies = (
			);
			name = CollectionViewWithoutStoryboard;
			productName = CollectionViewWithoutStoryboard;
			productReference = D2D0D76C276D2813007829B4 /* CollectionViewWithoutStoryboard.app */;
			productType = "com.apple.product-type.application";
		};
/* End PBXNativeTarget section */

/* Begin PBXProject section */
		D2D0D764276D2813007829B4 /* Project object */ = {
			isa = PBXProject;
			attributes = {
				BuildIndependentTargetsInParallel = 1;
				LastSwiftUpdateCheck = 1310;
				LastUpgradeCheck = 1310;
				TargetAttributes = {
					D2D0D76B276D2813007829B4 = {
						CreatedOnToolsVersion = 13.1;
					};
				};
			};
			buildConfigurationList = D2D0D767276D2813007829B4 /* Build configuration list for PBXProject "CollectionViewWithoutStoryboard" */;
			compatibilityVersion = "Xcode 13.0";
			developmentRegion = en;
			hasScannedForEncodings = 0;
			knownRegions = (
				en,
				Base,
			);
			mainGroup = D2D0D763276D2813007829B4;
			productRefGroup = D2D0D76D276D2813007829B4 /* Products */;
			projectDirPath = "";
			projectRoot = "";
			targets = (
				D2D0D76B276D2813007829B4 /* CollectionViewWithoutStoryboard */,
			);
		};
/* End PBXProject section */

/* Begin PBXResourcesBuildPhase section */
		D2D0D76A276D2813007829B4 /* Resources */ = {
			isa = PBXResourcesBuildPhase;
			buildActionMask = 2147483647;
			files = (
				D2D0D77C276D2814007829B4 /* LaunchScreen.storyboard in Resources */,
				D2D0D779276D2814007829B4 /* Assets.xcassets in Resources */,
				D2D0D777276D2813007829B4 /* Main.storyboard in Resources */,
			);
			runOnlyForDeploymentPostprocessing = 0;
		};
/* End PBXResourcesBuildPhase section */

/* Begin PBXShellScriptBuildPhase section */
		3C31E4E43152274B96E310BB /* [CP] Embed Pods Frameworks */ = {
			isa = PBXShellScriptBuildPhase;
			buildActionMask = 2147483647;
			files = (
			);
			inputFileListPaths = (
				"${PODS_ROOT}/Target Support Files/Pods-CollectionViewWithoutStoryboard/Pods-CollectionViewWithoutStoryboard-frameworks-${CONFIGURATION}-input-files.xcfilelist",
			);
			name = "[CP] Embed Pods Frameworks";
			outputFileListPaths = (
				"${PODS_ROOT}/Target Support Files/Pods-CollectionViewWithoutStoryboard/Pods-CollectionViewWithoutStoryboard-frameworks-${CONFIGURATION}-output-files.xcfilelist",
			);
			runOnlyForDeploymentPostprocessing = 0;
			shellPath = /bin/sh;
			shellScript = "\"${PODS_ROOT}/Target Support Files/Pods-CollectionViewWithoutStoryboard/Pods-CollectionViewWithoutStoryboard-frameworks.sh\"\n";
			showEnvVarsInLog = 0;
		};
		8B2ACF130CCC4B31E7C3CC26 /* [CP] Check Pods Manifest.lock */ = {
			isa = PBXShellScriptBuildPhase;
			buildActionMask = 2147483647;
			files = (
			);
			inputFileListPaths = (
			);
			inputPaths = (
				"${PODS_PODFILE_DIR_PATH}/Podfile.lock",
				"${PODS_ROOT}/Manifest.lock",
			);
			name = "[CP] Check Pods Manifest.lock";
			outputFileListPaths = (
			);
			outputPaths = (
				"$(DERIVED_FILE_DIR)/Pods-CollectionViewWithoutStoryboard-checkManifestLockResult.txt",
			);
			runOnlyForDeploymentPostprocessing = 0;
			shellPath = /bin/sh;
			shellScript = "diff \"${PODS_PODFILE_DIR_PATH}/Podfile.lock\" \"${PODS_ROOT}/Manifest.lock\" > /dev/null\nif [ $? != 0 ] ; then\n    # print error to STDERR\n    echo \"error: The sandbox is not in sync with the Podfile.lock. Run 'pod install' or update your CocoaPods installation.\" >&2\n    exit 1\nfi\n# This output is used by Xcode 'outputs' to avoid re-running this script phase.\necho \"SUCCESS\" > \"${SCRIPT_OUTPUT_FILE_0}\"\n";
			showEnvVarsInLog = 0;
		};
/* End PBXShellScriptBuildPhase section */

/* Begin PBXSourcesBuildPhase section */
		D2D0D768276D2813007829B4 /* Sources */ = {
			isa = PBXSourcesBuildPhase;
			buildActionMask = 2147483647;
			files = (
				D2D0D774276D2813007829B4 /* ViewController.swift in Sources */,
				D2D0D78C276E78DB007829B4 /* Profile.swift in Sources */,
				D2D0D78A276E78BD007829B4 /* ProfileCell.swift in Sources */,
				D2D0D770276D2813007829B4 /* AppDelegate.swift in Sources */,
				D2D0D772276D2813007829B4 /* SceneDelegate.swift in Sources */,
			);
			runOnlyForDeploymentPostprocessing = 0;
		};
/* End PBXSourcesBuildPhase section */

/* Begin PBXVariantGroup section */
		D2D0D775276D2813007829B4 /* Main.storyboard */ = {
			isa = PBXVariantGroup;
			children = (
				D2D0D776276D2813007829B4 /* Base */,
			);
			name = Main.storyboard;
			sourceTree = "<group>";
		};
		D2D0D77A276D2814007829B4 /* LaunchScreen.storyboard */ = {
			isa = PBXVariantGroup;
			children = (
				D2D0D77B276D2814007829B4 /* Base */,
			);
			name = LaunchScreen.storyboard;
			sourceTree = "<group>";
		};
/* End PBXVariantGroup section */

/* Begin XCBuildConfiguration section */
		D2D0D77E276D2814007829B4 /* Debug */ = {
			isa = XCBuildConfiguration;
			buildSettings = {
				ALWAYS_SEARCH_USER_PATHS = NO;
				CLANG_ANALYZER_NONNULL = YES;
				CLANG_ANALYZER_NUMBER_OBJECT_CONVERSION = YES_AGGRESSIVE;
				CLANG_CXX_LANGUAGE_STANDARD = "gnu++17";
				CLANG_CXX_LIBRARY = "libc++";
				CLANG_ENABLE_MODULES = YES;
				CLANG_ENABLE_OBJC_ARC = YES;
				CLANG_ENABLE_OBJC_WEAK = YES;
				CLANG_WARN_BLOCK_CAPTURE_AUTORELEASING = YES;
				CLANG_WARN_BOOL_CONVERSION = YES;
				CLANG_WARN_COMMA = YES;
				CLANG_WARN_CONSTANT_CONVERSION = YES;
				CLANG_WARN_DEPRECATED_OBJC_IMPLEMENTATIONS = YES;
				CLANG_WARN_DIRECT_OBJC_ISA_USAGE = YES_ERROR;
				CLANG_WARN_DOCUMENTATION_COMMENTS = YES;
				CLANG_WARN_EMPTY_BODY = YES;
				CLANG_WARN_ENUM_CONVERSION = YES;
				CLANG_WARN_INFINITE_RECURSION = YES;
				CLANG_WARN_INT_CONVERSION = YES;
				CLANG_WARN_NON_LITERAL_NULL_CONVERSION = YES;
				CLANG_WARN_OBJC_IMPLICIT_RETAIN_SELF = YES;
				CLANG_WARN_OBJC_LITERAL_CONVERSION = YES;
				CLANG_WARN_OBJC_ROOT_CLASS = YES_ERROR;
				CLANG_WARN_QUOTED_INCLUDE_IN_FRAMEWORK_HEADER = YES;
				CLANG_WARN_RANGE_LOOP_ANALYSIS = YES;
				CLANG_WARN_STRICT_PROTOTYPES = YES;
				CLANG_WARN_SUSPICIOUS_MOVE = YES;
				CLANG_WARN_UNGUARDED_AVAILABILITY = YES_AGGRESSIVE;
				CLANG_WARN_UNREACHABLE_CODE = YES;
				CLANG_WARN__DUPLICATE_METHOD_MATCH = YES;
				COPY_PHASE_STRIP = NO;
				DEBUG_INFORMATION_FORMAT = dwarf;
				ENABLE_STRICT_OBJC_MSGSEND = YES;
				ENABLE_TESTABILITY = YES;
				GCC_C_LANGUAGE_STANDARD = gnu11;
				GCC_DYNAMIC_NO_PIC = NO;
				GCC_NO_COMMON_BLOCKS = YES;
				GCC_OPTIMIZATION_LEVEL = 0;
				GCC_PREPROCESSOR_DEFINITIONS = (
					"DEBUG=1",
					"$(inherited)",
				);
				GCC_WARN_64_TO_32_BIT_CONVERSION = YES;
				GCC_WARN_ABOUT_RETURN_TYPE = YES_ERROR;
				GCC_WARN_UNDECLARED_SELECTOR = YES;
				GCC_WARN_UNINITIALIZED_AUTOS = YES_AGGRESSIVE;
				GCC_WARN_UNUSED_FUNCTION = YES;
				GCC_WARN_UNUSED_VARIABLE = YES;
				IPHONEOS_DEPLOYMENT_TARGET = 15.0;
				MTL_ENABLE_DEBUG_INFO = INCLUDE_SOURCE;
				MTL_FAST_MATH = YES;
				ONLY_ACTIVE_ARCH = YES;
				SDKROOT = iphoneos;
				SWIFT_ACTIVE_COMPILATION_CONDITIONS = DEBUG;
				SWIFT_OPTIMIZATION_LEVEL = "-Onone";
			};
			name = Debug;
		};
		D2D0D77F276D2814007829B4 /* Release */ = {
			isa = XCBuildConfiguration;
			buildSettings = {
				ALWAYS_SEARCH_USER_PATHS = NO;
				CLANG_ANALYZER_NONNULL = YES;
				CLANG_ANALYZER_NUMBER_OBJECT_CONVERSION = YES_AGGRESSIVE;
				CLANG_CXX_LANGUAGE_STANDARD = "gnu++17";
				CLANG_CXX_LIBRARY = "libc++";
				CLANG_ENABLE_MODULES = YES;
				CLANG_ENABLE_OBJC_ARC = YES;
				CLANG_ENABLE_OBJC_WEAK = YES;
				CLANG_WARN_BLOCK_CAPTURE_AUTORELEASING = YES;
				CLANG_WARN_BOOL_CONVERSION = YES;
				CLANG_WARN_COMMA = YES;
				CLANG_WARN_CONSTANT_CONVERSION = YES;
				CLANG_WARN_DEPRECATED_OBJC_IMPLEMENTATIONS = YES;
				CLANG_WARN_DIRECT_OBJC_ISA_USAGE = YES_ERROR;
				CLANG_WARN_DOCUMENTATION_COMMENTS = YES;
				CLANG_WARN_EMPTY_BODY = YES;
				CLANG_WARN_ENUM_CONVERSION = YES;
				CLANG_WARN_INFINITE_RECURSION = YES;
				CLANG_WARN_INT_CONVERSION = YES;
				CLANG_WARN_NON_LITERAL_NULL_CONVERSION = YES;
				CLANG_WARN_OBJC_IMPLICIT_RETAIN_SELF = YES;
				CLANG_WARN_OBJC_LITERAL_CONVERSION = YES;
				CLANG_WARN_OBJC_ROOT_CLASS = YES_ERROR;
				CLANG_WARN_QUOTED_INCLUDE_IN_FRAMEWORK_HEADER = YES;
				CLANG_WARN_RANGE_LOOP_ANALYSIS = YES;
				CLANG_WARN_STRICT_PROTOTYPES = YES;
				CLANG_WARN_SUSPICIOUS_MOVE = YES;
				CLANG_WARN_UNGUARDED_AVAILABILITY = YES_AGGRESSIVE;
				CLANG_WARN_UNREACHABLE_CODE = YES;
				CLANG_WARN__DUPLICATE_METHOD_MATCH = YES;
				COPY_PHASE_STRIP = NO;
				DEBUG_INFORMATION_FORMAT = "dwarf-with-dsym";
				ENABLE_NS_ASSERTIONS = NO;
				ENABLE_STRICT_OBJC_MSGSEND = YES;
				GCC_C_LANGUAGE_STANDARD = gnu11;
				GCC_NO_COMMON_BLOCKS = YES;
				GCC_WARN_64_TO_32_BIT_CONVERSION = YES;
				GCC_WARN_ABOUT_RETURN_TYPE = YES_ERROR;
				GCC_WARN_UNDECLARED_SELECTOR = YES;
				GCC_WARN_UNINITIALIZED_AUTOS = YES_AGGRESSIVE;
				GCC_WARN_UNUSED_FUNCTION = YES;
				GCC_WARN_UNUSED_VARIABLE = YES;
				IPHONEOS_DEPLOYMENT_TARGET = 15.0;
				MTL_ENABLE_DEBUG_INFO = NO;
				MTL_FAST_MATH = YES;
				SDKROOT = iphoneos;
				SWIFT_COMPILATION_MODE = wholemodule;
				SWIFT_OPTIMIZATION_LEVEL = "-O";
				VALIDATE_PRODUCT = YES;
			};
			name = Release;
		};
		D2D0D781276D2814007829B4 /* Debug */ = {
			isa = XCBuildConfiguration;
			baseConfigurationReference = C0407B82EC59C5B2673F26E2 /* Pods-CollectionViewWithoutStoryboard.debug.xcconfig */;
			buildSettings = {
				ASSETCATALOG_COMPILER_APPICON_NAME = AppIcon;
				ASSETCATALOG_COMPILER_GLOBAL_ACCENT_COLOR_NAME = AccentColor;
				CODE_SIGN_STYLE = Automatic;
				CURRENT_PROJECT_VERSION = 1;
				DEVELOPMENT_TEAM = UJ8B9FFXUA;
				GENERATE_INFOPLIST_FILE = YES;
				INFOPLIST_FILE = CollectionViewWithoutStoryboard/Info.plist;
				INFOPLIST_KEY_UIApplicationSupportsIndirectInputEvents = YES;
				INFOPLIST_KEY_UILaunchStoryboardName = LaunchScreen;
				INFOPLIST_KEY_UIMainStoryboardFile = Main;
				INFOPLIST_KEY_UISupportedInterfaceOrientations_iPad = "UIInterfaceOrientationPortrait UIInterfaceOrientationPortraitUpsideDown UIInterfaceOrientationLandscapeLeft UIInterfaceOrientationLandscapeRight";
				INFOPLIST_KEY_UISupportedInterfaceOrientations_iPhone = "UIInterfaceOrientationPortrait UIInterfaceOrientationLandscapeLeft UIInterfaceOrientationLandscapeRight";
				LD_RUNPATH_SEARCH_PATHS = (
					"$(inherited)",
					"@executable_path/Frameworks",
				);
				MARKETING_VERSION = 1.0;
				PRODUCT_BUNDLE_IDENTIFIER = kiko.CollectionViewWithoutStoryboard;
				PRODUCT_NAME = "$(TARGET_NAME)";
				SWIFT_EMIT_LOC_STRINGS = YES;
				SWIFT_VERSION = 5.0;
				TARGETED_DEVICE_FAMILY = "1,2";
			};
			name = Debug;
		};
		D2D0D782276D2814007829B4 /* Release */ = {
			isa = XCBuildConfiguration;
			baseConfigurationReference = 788C348F88C9DD52DDFA432F /* Pods-CollectionViewWithoutStoryboard.release.xcconfig */;
			buildSettings = {
				ASSETCATALOG_COMPILER_APPICON_NAME = AppIcon;
				ASSETCATALOG_COMPILER_GLOBAL_ACCENT_COLOR_NAME = AccentColor;
				CODE_SIGN_STYLE = Automatic;
				CURRENT_PROJECT_VERSION = 1;
				DEVELOPMENT_TEAM = UJ8B9FFXUA;
				GENERATE_INFOPLIST_FILE = YES;
				INFOPLIST_FILE = CollectionViewWithoutStoryboard/Info.plist;
				INFOPLIST_KEY_UIApplicationSupportsIndirectInputEvents = YES;
				INFOPLIST_KEY_UILaunchStoryboardName = LaunchScreen;
				INFOPLIST_KEY_UIMainStoryboardFile = Main;
				INFOPLIST_KEY_UISupportedInterfaceOrientations_iPad = "UIInterfaceOrientationPortrait UIInterfaceOrientationPortraitUpsideDown UIInterfaceOrientationLandscapeLeft UIInterfaceOrientationLandscapeRight";
				INFOPLIST_KEY_UISupportedInterfaceOrientations_iPhone = "UIInterfaceOrientationPortrait UIInterfaceOrientationLandscapeLeft UIInterfaceOrientationLandscapeRight";
				LD_RUNPATH_SEARCH_PATHS = (
					"$(inherited)",
					"@executable_path/Frameworks",
				);
				MARKETING_VERSION = 1.0;
				PRODUCT_BUNDLE_IDENTIFIER = kiko.CollectionViewWithoutStoryboard;
				PRODUCT_NAME = "$(TARGET_NAME)";
				SWIFT_EMIT_LOC_STRINGS = YES;
				SWIFT_VERSION = 5.0;
				TARGETED_DEVICE_FAMILY = "1,2";
			};
			name = Release;
		};
/* End XCBuildConfiguration section */

/* Begin XCConfigurationList section */
		D2D0D767276D2813007829B4 /* Build configuration list for PBXProject "CollectionViewWithoutStoryboard" */ = {
			isa = XCConfigurationList;
			buildConfigurations = (
				D2D0D77E276D2814007829B4 /* Debug */,
				D2D0D77F276D2814007829B4 /* Release */,
			);
			defaultConfigurationIsVisible = 0;
			defaultConfigurationName = Release;
		};
		D2D0D780276D2814007829B4 /* Build configuration list for PBXNativeTarget "CollectionViewWithoutStoryboard" */ = {
			isa = XCConfigurationList;
			buildConfigurations = (
				D2D0D781276D2814007829B4 /* Debug */,
				D2D0D782276D2814007829B4 /* Release */,
			);
			defaultConfigurationIsVisible = 0;
			defaultConfigurationName = Release;
		};
/* End XCConfigurationList section */
	};
	rootObject = D2D0D764276D2813007829B4 /* Project object */;
}
